
Microsoft Visual Studio Solution File, Format Version 12.00
# Visual Studio Version 16
VisualStudioVersion = 16.0.30907.101
MinimumVisualStudioVersion = 10.0.40219.1
Project("{FAE04EC0-301F-11D3-BF4B-00C04F79EFBC}") = "Snake", "Example1\Snake.csproj", "{B9AB22A8-F029-4B0E-90EB-9E6DFB059600}"
EndProject
Global
	GlobalSection(SolutionConfigurationPlatforms) = preSolution
		Debug|Any CPU = Debug|Any CPU
		Release|Any CPU = Release|Any CPU
	EndGlobalSection
	GlobalSection(ProjectConfigurationPlatforms) = postSolution
		{B9AB22A8-F029-4B0E-90EB-9E6DFB059600}.Debug|Any CPU.ActiveCfg = Debug|Any CPU
		{B9AB22A8-F029-4B0E-90EB-9E6DFB059600}.Debug|Any CPU.Build.0 = Debug|Any CPU
		{B9AB22A8-F029-4B0E-90EB-9E6DFB059600}.Release|Any CPU.ActiveCfg = Release|Any CPU
		{B9AB22A8-F029-4B0E-90EB-9E6DFB059600}.Release|Any CPU.Build.0 = Release|Any CPU
	EndGlobalSection
	GlobalSection(SolutionProperties) = preSolution
		HideSolutionNode = FALSE
	EndGlobalSection
	GlobalSection(ExtensibilityGlobals) = postSolution
		SolutionGuid = {E7CA5048-42BC-4D62-A47A-98943B9A82D2}
	EndGlobalSection
EndGlobal
